
Microsoft Visual Studio Solution File, Format Version 12.00
# Visual Studio Version 16
VisualStudioVersion = 16.0.31313.79
MinimumVisualStudioVersion = 10.0.40219.1
Project("{FAE04EC0-301F-11D3-BF4B-00C04F79EFBC}") = "Monte Carlo Simulation", "Monte Carlo Simulation\Monte Carlo Simulation.csproj", "{0A7500B9-930D-42CC-B17D-D8799F1C3DBD}"
EndProject
Project("{2150E333-8FDC-42A3-9474-1A3956D46DE8}") = "Code", "Code", "{0CE0B890-C505-47C7-BD15-96D07ACD47A6}"
EndProject
Project("{2150E333-8FDC-42A3-9474-1A3956D46DE8}") = "Tests", "Tests", "{EE6B392D-A52E-4D15-9D78-62A1D5A7E3D7}"
EndProject
Project("{FAE04EC0-301F-11D3-BF4B-00C04F79EFBC}") = "ConsoleWriterTest", "ConsoleWriterTest\ConsoleWriterTest.csproj", "{D9789AE8-481A-412C-B412-87119D689D3F}"
EndProject
Project("{FAE04EC0-301F-11D3-BF4B-00C04F79EFBC}") = "BoardTest", "BoardTest\BoardTest.csproj", "{99A926AB-1650-4E97-BCC5-7DAC8EF917D2}"
EndProject
Project("{FAE04EC0-301F-11D3-BF4B-00C04F79EFBC}") = "ConfigurationTest", "ConfigurationTest\ConfigurationTest.csproj", "{D4CB0F1E-E465-4909-AD3A-988E3BD844F1}"
EndProject
Project("{FAE04EC0-301F-11D3-BF4B-00C04F79EFBC}") = "DiceTest", "DiceTest\DiceTest.csproj", "{BFF4C559-7C2C-47CF-B336-0940D2435924}"
EndProject
Project("{FAE04EC0-301F-11D3-BF4B-00C04F79EFBC}") = "GameCreatorTest", "GameCreatorTest\GameCreatorTest.csproj", "{BFCD6F3F-C74D-4D19-BC2D-BDE9BDA8371E}"
EndProject
Project("{FAE04EC0-301F-11D3-BF4B-00C04F79EFBC}") = "LSDistributionConfigurationTest", "LSDistributionConfigurationTest\LSDistributionConfigurationTest.csproj", "{4556BF8E-0702-408E-979E-C34E3AEA8137}"
EndProject
Project("{FAE04EC0-301F-11D3-BF4B-00C04F79EFBC}") = "PlayerTest", "PlayerTest\PlayerTest.csproj", "{A45C2E7E-50A3-4884-AE63-A171EAEA33F6}"
EndProject
Project("{FAE04EC0-301F-11D3-BF4B-00C04F79EFBC}") = "SnakesAndLaddersTest", "SnakesAndLaddersTest\SnakesAndLaddersTest.csproj", "{4122EDD7-4B80-4ED1-A41C-4E8B619F6399}"
EndProject
Project("{FAE04EC0-301F-11D3-BF4B-00C04F79EFBC}") = "SquareTest", "SquareTest\SquareTest.csproj", "{52594064-FED4-4386-A8BF-460B44B3CFA2}"
EndProject
Project("{FAE04EC0-301F-11D3-BF4B-00C04F79EFBC}") = "WriteOnConsoleEventArgsTest", "WriteOnConsoleEventArgsTest\WriteOnConsoleEventArgsTest.csproj", "{43E6BB0F-C1BC-4E5C-83DB-365E98033B46}"
EndProject
Global
	GlobalSection(SolutionConfigurationPlatforms) = preSolution
		Debug|Any CPU = Debug|Any CPU
		Release|Any CPU = Release|Any CPU
	EndGlobalSection
	GlobalSection(ProjectConfigurationPlatforms) = postSolution
		{0A7500B9-930D-42CC-B17D-D8799F1C3DBD}.Debug|Any CPU.ActiveCfg = Debug|Any CPU
		{0A7500B9-930D-42CC-B17D-D8799F1C3DBD}.Debug|Any CPU.Build.0 = Debug|Any CPU
		{0A7500B9-930D-42CC-B17D-D8799F1C3DBD}.Release|Any CPU.ActiveCfg = Release|Any CPU
		{0A7500B9-930D-42CC-B17D-D8799F1C3DBD}.Release|Any CPU.Build.0 = Release|Any CPU
		{D9789AE8-481A-412C-B412-87119D689D3F}.Debug|Any CPU.ActiveCfg = Debug|Any CPU
		{D9789AE8-481A-412C-B412-87119D689D3F}.Debug|Any CPU.Build.0 = Debug|Any CPU
		{D9789AE8-481A-412C-B412-87119D689D3F}.Release|Any CPU.ActiveCfg = Release|Any CPU
		{D9789AE8-481A-412C-B412-87119D689D3F}.Release|Any CPU.Build.0 = Release|Any CPU
		{99A926AB-1650-4E97-BCC5-7DAC8EF917D2}.Debug|Any CPU.ActiveCfg = Debug|Any CPU
		{99A926AB-1650-4E97-BCC5-7DAC8EF917D2}.Debug|Any CPU.Build.0 = Debug|Any CPU
		{99A926AB-1650-4E97-BCC5-7DAC8EF917D2}.Release|Any CPU.ActiveCfg = Release|Any CPU
		{99A926AB-1650-4E97-BCC5-7DAC8EF917D2}.Release|Any CPU.Build.0 = Release|Any CPU
		{D4CB0F1E-E465-4909-AD3A-988E3BD844F1}.Debug|Any CPU.ActiveCfg = Debug|Any CPU
		{D4CB0F1E-E465-4909-AD3A-988E3BD844F1}.Debug|Any CPU.Build.0 = Debug|Any CPU
		{D4CB0F1E-E465-4909-AD3A-988E3BD844F1}.Release|Any CPU.ActiveCfg = Release|Any CPU
		{D4CB0F1E-E465-4909-AD3A-988E3BD844F1}.Release|Any CPU.Build.0 = Release|Any CPU
		{BFF4C559-7C2C-47CF-B336-0940D2435924}.Debug|Any CPU.ActiveCfg = Debug|Any CPU
		{BFF4C559-7C2C-47CF-B336-0940D2435924}.Debug|Any CPU.Build.0 = Debug|Any CPU
		{BFF4C559-7C2C-47CF-B336-0940D2435924}.Release|Any CPU.ActiveCfg = Release|Any CPU
		{BFF4C559-7C2C-47CF-B336-0940D2435924}.Release|Any CPU.Build.0 = Release|Any CPU
		{BFCD6F3F-C74D-4D19-BC2D-BDE9BDA8371E}.Debug|Any CPU.ActiveCfg = Debug|Any CPU
		{BFCD6F3F-C74D-4D19-BC2D-BDE9BDA8371E}.Debug|Any CPU.Build.0 = Debug|Any CPU
		{BFCD6F3F-C74D-4D19-BC2D-BDE9BDA8371E}.Release|Any CPU.ActiveCfg = Release|Any CPU
		{BFCD6F3F-C74D-4D19-BC2D-BDE9BDA8371E}.Release|Any CPU.Build.0 = Release|Any CPU
		{4556BF8E-0702-408E-979E-C34E3AEA8137}.Debug|Any CPU.ActiveCfg = Debug|Any CPU
		{4556BF8E-0702-408E-979E-C34E3AEA8137}.Debug|Any CPU.Build.0 = Debug|Any CPU
		{4556BF8E-0702-408E-979E-C34E3AEA8137}.Release|Any CPU.ActiveCfg = Release|Any CPU
		{4556BF8E-0702-408E-979E-C34E3AEA8137}.Release|Any CPU.Build.0 = Release|Any CPU
		{A45C2E7E-50A3-4884-AE63-A171EAEA33F6}.Debug|Any CPU.ActiveCfg = Debug|Any CPU
		{A45C2E7E-50A3-4884-AE63-A171EAEA33F6}.Debug|Any CPU.Build.0 = Debug|Any CPU
		{A45C2E7E-50A3-4884-AE63-A171EAEA33F6}.Release|Any CPU.ActiveCfg = Release|Any CPU
		{A45C2E7E-50A3-4884-AE63-A171EAEA33F6}.Release|Any CPU.Build.0 = Release|Any CPU
		{4122EDD7-4B80-4ED1-A41C-4E8B619F6399}.Debug|Any CPU.ActiveCfg = Debug|Any CPU
		{4122EDD7-4B80-4ED1-A41C-4E8B619F6399}.Debug|Any CPU.Build.0 = Debug|Any CPU
		{4122EDD7-4B80-4ED1-A41C-4E8B619F6399}.Release|Any CPU.ActiveCfg = Release|Any CPU
		{4122EDD7-4B80-4ED1-A41C-4E8B619F6399}.Release|Any CPU.Build.0 = Release|Any CPU
		{52594064-FED4-4386-A8BF-460B44B3CFA2}.Debug|Any CPU.ActiveCfg = Debug|Any CPU
		{52594064-FED4-4386-A8BF-460B44B3CFA2}.Debug|Any CPU.Build.0 = Debug|Any CPU
		{52594064-FED4-4386-A8BF-460B44B3CFA2}.Release|Any CPU.ActiveCfg = Release|Any CPU
		{52594064-FED4-4386-A8BF-460B44B3CFA2}.Release|Any CPU.Build.0 = Release|Any CPU
		{43E6BB0F-C1BC-4E5C-83DB-365E98033B46}.Debug|Any CPU.ActiveCfg = Debug|Any CPU
		{43E6BB0F-C1BC-4E5C-83DB-365E98033B46}.Debug|Any CPU.Build.0 = Debug|Any CPU
		{43E6BB0F-C1BC-4E5C-83DB-365E98033B46}.Release|Any CPU.ActiveCfg = Release|Any CPU
		{43E6BB0F-C1BC-4E5C-83DB-365E98033B46}.Release|Any CPU.Build.0 = Release|Any CPU
	EndGlobalSection
	GlobalSection(SolutionProperties) = preSolution
		HideSolutionNode = FALSE
	EndGlobalSection
	GlobalSection(NestedProjects) = preSolution
		{0A7500B9-930D-42CC-B17D-D8799F1C3DBD} = {0CE0B890-C505-47C7-BD15-96D07ACD47A6}
		{D9789AE8-481A-412C-B412-87119D689D3F} = {EE6B392D-A52E-4D15-9D78-62A1D5A7E3D7}
		{99A926AB-1650-4E97-BCC5-7DAC8EF917D2} = {EE6B392D-A52E-4D15-9D78-62A1D5A7E3D7}
		{D4CB0F1E-E465-4909-AD3A-988E3BD844F1} = {EE6B392D-A52E-4D15-9D78-62A1D5A7E3D7}
		{BFF4C559-7C2C-47CF-B336-0940D2435924} = {EE6B392D-A52E-4D15-9D78-62A1D5A7E3D7}
		{BFCD6F3F-C74D-4D19-BC2D-BDE9BDA8371E} = {EE6B392D-A52E-4D15-9D78-62A1D5A7E3D7}
		{4556BF8E-0702-408E-979E-C34E3AEA8137} = {EE6B392D-A52E-4D15-9D78-62A1D5A7E3D7}
		{A45C2E7E-50A3-4884-AE63-A171EAEA33F6} = {EE6B392D-A52E-4D15-9D78-62A1D5A7E3D7}
		{4122EDD7-4B80-4ED1-A41C-4E8B619F6399} = {EE6B392D-A52E-4D15-9D78-62A1D5A7E3D7}
		{52594064-FED4-4386-A8BF-460B44B3CFA2} = {EE6B392D-A52E-4D15-9D78-62A1D5A7E3D7}
		{43E6BB0F-C1BC-4E5C-83DB-365E98033B46} = {EE6B392D-A52E-4D15-9D78-62A1D5A7E3D7}
	EndGlobalSection
	GlobalSection(ExtensibilityGlobals) = postSolution
		SolutionGuid = {BBEF4DA5-C8BF-4C2B-A1FE-6637ADDB95E2}
	EndGlobalSection
EndGlobal
